
Microsoft Visual Studio Solution File, Format Version 12.00
# Visual Studio Version 17
VisualStudioVersion = 17.4.33205.214
MinimumVisualStudioVersion = 10.0.40219.1
Project("{FAE04EC0-301F-11D3-BF4B-00C04F79EFBC}") = "MassTransit.SingUp.Worker.API", "MassTransit.SingUp.Worker.API\MassTransit.SingUp.Worker.API.csproj", "{5ED95CF8-76C9-4DFC-8F43-1327302F5A27}"
EndProject
Project("{FAE04EC0-301F-11D3-BF4B-00C04F79EFBC}") = "MassTransit.SingUp.Worker.Application", "MassTransit.SingUp.Worker.Application\MassTransit.SingUp.Worker.Application.csproj", "{BEA3A2CA-1560-479D-BBE5-007B152CBD59}"
EndProject
Project("{FAE04EC0-301F-11D3-BF4B-00C04F79EFBC}") = "MassTransit.SingUp.Worker.Domain", "MassTransit.SingUp.Worker.Domain\MassTransit.SingUp.Worker.Domain.csproj", "{920ACADA-B000-4F58-8A19-DFBFC635B6D7}"
EndProject
Project("{FAE04EC0-301F-11D3-BF4B-00C04F79EFBC}") = "MassTransit.SingUp.Worker.Infrastructure", "MassTransit.SingUp.Worker.Infrastructure\MassTransit.SingUp.Worker.Infrastructure.csproj", "{F798039C-3BAC-424D-A078-DBB3E11DE0A1}"
EndProject
Global
	GlobalSection(SolutionConfigurationPlatforms) = preSolution
		Debug|Any CPU = Debug|Any CPU
		Release|Any CPU = Release|Any CPU
	EndGlobalSection
	GlobalSection(ProjectConfigurationPlatforms) = postSolution
		{5ED95CF8-76C9-4DFC-8F43-1327302F5A27}.Debug|Any CPU.ActiveCfg = Debug|Any CPU
		{5ED95CF8-76C9-4DFC-8F43-1327302F5A27}.Debug|Any CPU.Build.0 = Debug|Any CPU
		{5ED95CF8-76C9-4DFC-8F43-1327302F5A27}.Release|Any CPU.ActiveCfg = Release|Any CPU
		{5ED95CF8-76C9-4DFC-8F43-1327302F5A27}.Release|Any CPU.Build.0 = Release|Any CPU
		{BEA3A2CA-1560-479D-BBE5-007B152CBD59}.Debug|Any CPU.ActiveCfg = Debug|Any CPU
		{BEA3A2CA-1560-479D-BBE5-007B152CBD59}.Debug|Any CPU.Build.0 = Debug|Any CPU
		{BEA3A2CA-1560-479D-BBE5-007B152CBD59}.Release|Any CPU.ActiveCfg = Release|Any CPU
		{BEA3A2CA-1560-479D-BBE5-007B152CBD59}.Release|Any CPU.Build.0 = Release|Any CPU
		{920ACADA-B000-4F58-8A19-DFBFC635B6D7}.Debug|Any CPU.ActiveCfg = Debug|Any CPU
		{920ACADA-B000-4F58-8A19-DFBFC635B6D7}.Debug|Any CPU.Build.0 = Debug|Any CPU
		{920ACADA-B000-4F58-8A19-DFBFC635B6D7}.Release|Any CPU.ActiveCfg = Release|Any CPU
		{920ACADA-B000-4F58-8A19-DFBFC635B6D7}.Release|Any CPU.Build.0 = Release|Any CPU
		{F798039C-3BAC-424D-A078-DBB3E11DE0A1}.Debug|Any CPU.ActiveCfg = Debug|Any CPU
		{F798039C-3BAC-424D-A078-DBB3E11DE0A1}.Debug|Any CPU.Build.0 = Debug|Any CPU
		{F798039C-3BAC-424D-A078-DBB3E11DE0A1}.Release|Any CPU.ActiveCfg = Release|Any CPU
		{F798039C-3BAC-424D-A078-DBB3E11DE0A1}.Release|Any CPU.Build.0 = Release|Any CPU
	EndGlobalSection
	GlobalSection(SolutionProperties) = preSolution
		HideSolutionNode = FALSE
	EndGlobalSection
	GlobalSection(ExtensibilityGlobals) = postSolution
		SolutionGuid = {A523E91F-8667-4ABB-A5B2-6855CE63A0C5}
	EndGlobalSection
EndGlobal
